
Microsoft Visual Studio Solution File, Format Version 12.00
# Visual Studio Version 16
VisualStudioVersion = 16.0.31605.320
MinimumVisualStudioVersion = 10.0.40219.1
Project("{F2A71F9B-5D33-465A-A702-920D77279786}") = "EJERCICIO 4", "EJERCICIO 4\EJERCICIO 4.fsproj", "{B91A4226-A645-4A29-8EC5-7A970C05B2A6}"
EndProject
Global
	GlobalSection(SolutionConfigurationPlatforms) = preSolution
		Debug|Any CPU = Debug|Any CPU
		Release|Any CPU = Release|Any CPU
	EndGlobalSection
	GlobalSection(ProjectConfigurationPlatforms) = postSolution
		{B91A4226-A645-4A29-8EC5-7A970C05B2A6}.Debug|Any CPU.ActiveCfg = Debug|Any CPU
		{B91A4226-A645-4A29-8EC5-7A970C05B2A6}.Debug|Any CPU.Build.0 = Debug|Any CPU
		{B91A4226-A645-4A29-8EC5-7A970C05B2A6}.Release|Any CPU.ActiveCfg = Release|Any CPU
		{B91A4226-A645-4A29-8EC5-7A970C05B2A6}.Release|Any CPU.Build.0 = Release|Any CPU
	EndGlobalSection
	GlobalSection(SolutionProperties) = preSolution
		HideSolutionNode = FALSE
	EndGlobalSection
	GlobalSection(ExtensibilityGlobals) = postSolution
		SolutionGuid = {B7DAEA1B-4E08-422F-9D9C-B222F582BF17}
	EndGlobalSection
EndGlobal
